
Microsoft Visual Studio Solution File, Format Version 12.00
# Visual Studio 15
VisualStudioVersion = 15.0.28307.1000
MinimumVisualStudioVersion = 10.0.40219.1
Project("{FAE04EC0-301F-11D3-BF4B-00C04F79EFBC}") = "BookLovers", "BookLovers\BookLovers.csproj", "{1A745D37-217D-479D-B0F5-30703BF3B7F3}"
EndProject
Project("{2150E333-8FDC-42A3-9474-1A3956D46DE8}") = "Auth", "Auth", "{872E10F1-0208-4CD3-90F5-3CCC21E82ED7}"
EndProject
Project("{2150E333-8FDC-42A3-9474-1A3956D46DE8}") = "Base", "Base", "{DC96B3FD-4B9E-4A92-BC99-608BD31E492C}"
EndProject
Project("{2150E333-8FDC-42A3-9474-1A3956D46DE8}") = "Librarians", "Librarians", "{E0CD140A-5A82-4993-AD15-9332CAF81127}"
EndProject
Project("{2150E333-8FDC-42A3-9474-1A3956D46DE8}") = "Readers", "Readers", "{880CCEFE-92F5-4118-94F2-AEAAF25572E8}"
EndProject
Project("{2150E333-8FDC-42A3-9474-1A3956D46DE8}") = "Bookcases", "Bookcases", "{9557129A-4345-40AC-AF9D-C2A08C24A2D0}"
EndProject
Project("{2150E333-8FDC-42A3-9474-1A3956D46DE8}") = "Books", "Books", "{B50FC9D2-9F9D-4227-AE32-C85DBF047772}"
EndProject
Project("{2150E333-8FDC-42A3-9474-1A3956D46DE8}") = "Ratings", "Ratings", "{B9A3DD26-9BD2-4333-9B08-74D0ACD17405}"
EndProject
Project("{FAE04EC0-301F-11D3-BF4B-00C04F79EFBC}") = "BookLovers.Auth.Application", "BookLovers.Auth.Application\BookLovers.Auth.Application.csproj", "{6D3C8243-7F16-4A5D-B823-3D8D61E03979}"
EndProject
Project("{FAE04EC0-301F-11D3-BF4B-00C04F79EFBC}") = "BookLovers.Auth.Infrastructure", "BookLovers.Auth.Infrastructure\BookLovers.Auth.Infrastructure.csproj", "{74686CCF-AB6B-43F0-ACAF-F9310427207A}"
EndProject
Project("{FAE04EC0-301F-11D3-BF4B-00C04F79EFBC}") = "BookLovers.Auth.Integration", "BookLovers.Auth.Integration\BookLovers.Auth.Integration.csproj", "{82C700E5-D693-4EA7-B57D-51B864E82AA8}"
EndProject
Project("{FAE04EC0-301F-11D3-BF4B-00C04F79EFBC}") = "BookLovers.Base", "BookLovers.Base\BookLovers.Base.csproj", "{E15FF1AE-818A-4616-A56B-C232AB9B4569}"
EndProject
Project("{FAE04EC0-301F-11D3-BF4B-00C04F79EFBC}") = "BookLovers.Base.Infrastructure", "BookLovers.Base.Infrastructure\BookLovers.Base.Infrastructure.csproj", "{15735BDD-1BE2-4660-8880-64EB06E20AB5}"
EndProject
Project("{FAE04EC0-301F-11D3-BF4B-00C04F79EFBC}") = "BookLovers.Bookcases", "BookLovers.Bookcases\BookLovers.Bookcases.csproj", "{F9D6BFAA-535A-417A-8703-2F7E063543AD}"
EndProject
Project("{FAE04EC0-301F-11D3-BF4B-00C04F79EFBC}") = "BookLovers.Bookcases.Application", "BookLovers.Bookcases.Application\BookLovers.Bookcases.Application.csproj", "{11152644-9262-4057-ACA5-64920FBF7AF3}"
EndProject
Project("{FAE04EC0-301F-11D3-BF4B-00C04F79EFBC}") = "BookLovers.Bookcases.Infrastructure", "BookLovers.Bookcases.Infrastructure\BookLovers.Bookcases.Infrastructure.csproj", "{E804B864-7A77-4656-B5B5-1AD8C15D93D7}"
EndProject
Project("{FAE04EC0-301F-11D3-BF4B-00C04F79EFBC}") = "BookLovers.Bookcases.Integration", "BookLovers.Bookcases.Integration\BookLovers.Bookcases.Integration.csproj", "{59B09168-8098-4AE9-B588-14E9657833C8}"
EndProject
Project("{FAE04EC0-301F-11D3-BF4B-00C04F79EFBC}") = "BookLovers.Bookcases.Store", "BookLovers.Bookcases.Store\BookLovers.Bookcases.Store.csproj", "{0A38ED41-81FB-4EA0-AD8B-126FADD945C7}"
EndProject
Project("{FAE04EC0-301F-11D3-BF4B-00C04F79EFBC}") = "BookLovers.Publication", "BookLovers.Publication\BookLovers.Publication.csproj", "{98BC0F3C-E154-4D12-B291-D56DABEC8CBA}"
EndProject
Project("{FAE04EC0-301F-11D3-BF4B-00C04F79EFBC}") = "BookLovers.Publication.Application", "BookLovers.Publication.Application\BookLovers.Publication.Application.csproj", "{FFBC8345-68B9-4AF2-BEDF-E574591316B5}"
EndProject
Project("{FAE04EC0-301F-11D3-BF4B-00C04F79EFBC}") = "BookLovers.Publication.Infrastructure", "BookLovers.Publication.Infrastructure\BookLovers.Publication.Infrastructure.csproj", "{035AB7EC-CDD0-424E-BBAA-0C3A94920322}"
EndProject
Project("{FAE04EC0-301F-11D3-BF4B-00C04F79EFBC}") = "BookLovers.Publication.Integration", "BookLovers.Publication.Integration\BookLovers.Publication.Integration.csproj", "{4E049363-88A9-465F-AE48-ABE505CA1CC0}"
EndProject
Project("{FAE04EC0-301F-11D3-BF4B-00C04F79EFBC}") = "BookLovers.Publication.Store", "BookLovers.Publication.Store\BookLovers.Publication.Store.csproj", "{6B6153C6-E034-4D5E-BBAA-62A269E296CB}"
EndProject
Project("{FAE04EC0-301F-11D3-BF4B-00C04F79EFBC}") = "BookLovers.Librarians.Application", "BookLovers.Librarians.Application\BookLovers.Librarians.Application.csproj", "{4F0E63F1-BB73-4A51-BF16-96D12A4A9B96}"
EndProject
Project("{FAE04EC0-301F-11D3-BF4B-00C04F79EFBC}") = "BookLovers.Librarians.Integration", "BookLovers.Librarians.Integration\BookLovers.Librarians.Integration.csproj", "{FF66ACB8-B1C1-4E89-89DF-A15404BFBD4F}"
EndProject
Project("{FAE04EC0-301F-11D3-BF4B-00C04F79EFBC}") = "BookLovers.Ratings", "BookLovers.Ratings\BookLovers.Ratings.csproj", "{DE720C43-C24C-42B2-8FE5-ECD38BE29B55}"
EndProject
Project("{FAE04EC0-301F-11D3-BF4B-00C04F79EFBC}") = "BookLovers.Ratings.Application", "BookLovers.Ratings.Application\BookLovers.Ratings.Application.csproj", "{845F7E8F-B8D2-48FE-8102-83326E2A2718}"
EndProject
Project("{FAE04EC0-301F-11D3-BF4B-00C04F79EFBC}") = "BookLovers.Ratings.Infrastructure", "BookLovers.Ratings.Infrastructure\BookLovers.Ratings.Infrastructure.csproj", "{0285E8A0-1C35-465A-ABC8-7188005839B9}"
EndProject
Project("{FAE04EC0-301F-11D3-BF4B-00C04F79EFBC}") = "BookLovers.Ratings.Integration", "BookLovers.Ratings.Integration\BookLovers.Ratings.Integration.csproj", "{CE6BCDDF-FBE6-4990-A829-B5563066EF0A}"
EndProject
Project("{FAE04EC0-301F-11D3-BF4B-00C04F79EFBC}") = "BookLovers.Readers.Application", "BookLovers.Readers.Application\BookLovers.Readers.Application.csproj", "{B99B0659-D29E-4FF6-9ED9-868315F4D719}"
EndProject
Project("{FAE04EC0-301F-11D3-BF4B-00C04F79EFBC}") = "BookLovers.Readers.Integration", "BookLovers.Readers.Integration\BookLovers.Readers.Integration.csproj", "{ECF351D2-4452-4C55-AC6C-67641C139C59}"
EndProject
Project("{FAE04EC0-301F-11D3-BF4B-00C04F79EFBC}") = "BookLovers.Readers.Store", "BookLovers.Readers.Store\BookLovers.Readers.Store.csproj", "{407CB3D6-E29A-42FF-A80D-72B6AA432FE1}"
EndProject
Project("{FAE04EC0-301F-11D3-BF4B-00C04F79EFBC}") = "BookLovers.Shared", "BookLovers.Shared\BookLovers.Shared.csproj", "{96F5E5D1-331F-428B-B0E1-D9B66542EEBD}"
EndProject
Project("{FAE04EC0-301F-11D3-BF4B-00C04F79EFBC}") = "BaseTests", "BaseTests\BaseTests.csproj", "{86D4666D-1B5F-41F0-9EE0-A042E338F6F4}"
EndProject
Project("{FAE04EC0-301F-11D3-BF4B-00C04F79EFBC}") = "BookLovers.Auth.Tests", "BookLovers.Auth.Tests\BookLovers.Auth.Tests.csproj", "{2974F427-4FD4-4FC7-A016-513A469AA215}"
EndProject
Project("{FAE04EC0-301F-11D3-BF4B-00C04F79EFBC}") = "BookLovers.Bookcases.Tests", "BookLovers.Bookcases.Tests\BookLovers.Bookcases.Tests.csproj", "{3C803C0F-8F34-48BD-B825-E5A62D5EE61F}"
EndProject
Project("{FAE04EC0-301F-11D3-BF4B-00C04F79EFBC}") = "BookLovers.Publication.Tests", "BookLovers.Publication.Tests\BookLovers.Publication.Tests.csproj", "{4AEDE11D-B54C-49ED-A858-D76DE7876CC3}"
EndProject
Project("{FAE04EC0-301F-11D3-BF4B-00C04F79EFBC}") = "BookLovers.Ratings.Tests", "BookLovers.Ratings.Tests\BookLovers.Ratings.Tests.csproj", "{6E384BD1-B405-47A6-9F81-5F1D1206A748}"
EndProject
Project("{FAE04EC0-301F-11D3-BF4B-00C04F79EFBC}") = "BookLovers.Librarians.Tests", "BookLovers.Librarians.Tests\BookLovers.Librarians.Tests.csproj", "{08CD4018-1B51-4A1A-9297-DA22A7A80F25}"
EndProject
Project("{FAE04EC0-301F-11D3-BF4B-00C04F79EFBC}") = "BookLovers.Seed", "BookLovers.Seed\BookLovers.Seed.csproj", "{07F47003-0A6E-4AE3-9758-C6C0B2180D78}"
EndProject
Project("{FAE04EC0-301F-11D3-BF4B-00C04F79EFBC}") = "BookLovers.Photos", "BookLovers.Photos\BookLovers.Photos.csproj", "{30D55AF0-68B6-401C-8732-18D6F7EA1E01}"
EndProject
Project("{FAE04EC0-301F-11D3-BF4B-00C04F79EFBC}") = "BookLovers.Auth", "BookLovers.Auth\BookLovers.Auth.csproj", "{155D2AA3-C8AC-47F5-8F5E-A80DD5EAC542}"
EndProject
Project("{FAE04EC0-301F-11D3-BF4B-00C04F79EFBC}") = "BookLovers.Librarians", "BookLovers.Librarians\BookLovers.Librarians.csproj", "{58E32716-3775-4AAB-BC72-80884360452B}"
EndProject
Project("{FAE04EC0-301F-11D3-BF4B-00C04F79EFBC}") = "BookLovers.Librarians.Infrastructure", "BookLovers.Librarians.Infrastructure\BookLovers.Librarians.Infrastructure.csproj", "{19CC2BC1-C505-46DF-9EA9-4850AF469FB3}"
EndProject
Project("{FAE04EC0-301F-11D3-BF4B-00C04F79EFBC}") = "BookLovers.Readers", "BookLovers.Readers\BookLovers.Readers.csproj", "{9E33AB9E-82D7-43C2-B676-AA4561FC4EBD}"
EndProject
Project("{FAE04EC0-301F-11D3-BF4B-00C04F79EFBC}") = "BookLovers.Readers.Infrastructure", "BookLovers.Readers.Infrastructure\BookLovers.Readers.Infrastructure.csproj", "{FF790995-BA95-4AD9-B590-230E5EDF3250}"
EndProject
Project("{FAE04EC0-301F-11D3-BF4B-00C04F79EFBC}") = "BookLovers.Readers.Tests", "BookLovers.Readers.Tests\BookLovers.Readers.Tests.csproj", "{4D6AD0DF-4E92-464D-9B29-EE872D7D8F70}"
EndProject
Project("{9A19103F-16F7-4668-BE54-9A1E7A4F7556}") = "_build", "build\_build.csproj", "{DE5C7818-040E-4150-9BF5-8E926C262BF0}"
EndProject
Global
	GlobalSection(SolutionConfigurationPlatforms) = preSolution
		Debug|Any CPU = Debug|Any CPU
		Release|Any CPU = Release|Any CPU
	EndGlobalSection
	GlobalSection(ProjectConfigurationPlatforms) = postSolution
		{DE5C7818-040E-4150-9BF5-8E926C262BF0}.Debug|Any CPU.ActiveCfg = Debug|Any CPU
		{DE5C7818-040E-4150-9BF5-8E926C262BF0}.Release|Any CPU.ActiveCfg = Release|Any CPU
		{1A745D37-217D-479D-B0F5-30703BF3B7F3}.Debug|Any CPU.ActiveCfg = Debug|Any CPU
		{1A745D37-217D-479D-B0F5-30703BF3B7F3}.Debug|Any CPU.Build.0 = Debug|Any CPU
		{1A745D37-217D-479D-B0F5-30703BF3B7F3}.Release|Any CPU.ActiveCfg = Release|Any CPU
		{1A745D37-217D-479D-B0F5-30703BF3B7F3}.Release|Any CPU.Build.0 = Release|Any CPU
		{6D3C8243-7F16-4A5D-B823-3D8D61E03979}.Debug|Any CPU.ActiveCfg = Debug|Any CPU
		{6D3C8243-7F16-4A5D-B823-3D8D61E03979}.Debug|Any CPU.Build.0 = Debug|Any CPU
		{6D3C8243-7F16-4A5D-B823-3D8D61E03979}.Release|Any CPU.ActiveCfg = Release|Any CPU
		{6D3C8243-7F16-4A5D-B823-3D8D61E03979}.Release|Any CPU.Build.0 = Release|Any CPU
		{74686CCF-AB6B-43F0-ACAF-F9310427207A}.Debug|Any CPU.ActiveCfg = Debug|Any CPU
		{74686CCF-AB6B-43F0-ACAF-F9310427207A}.Debug|Any CPU.Build.0 = Debug|Any CPU
		{74686CCF-AB6B-43F0-ACAF-F9310427207A}.Release|Any CPU.ActiveCfg = Release|Any CPU
		{74686CCF-AB6B-43F0-ACAF-F9310427207A}.Release|Any CPU.Build.0 = Release|Any CPU
		{82C700E5-D693-4EA7-B57D-51B864E82AA8}.Debug|Any CPU.ActiveCfg = Debug|Any CPU
		{82C700E5-D693-4EA7-B57D-51B864E82AA8}.Debug|Any CPU.Build.0 = Debug|Any CPU
		{82C700E5-D693-4EA7-B57D-51B864E82AA8}.Release|Any CPU.ActiveCfg = Release|Any CPU
		{82C700E5-D693-4EA7-B57D-51B864E82AA8}.Release|Any CPU.Build.0 = Release|Any CPU
		{E15FF1AE-818A-4616-A56B-C232AB9B4569}.Debug|Any CPU.ActiveCfg = Debug|Any CPU
		{E15FF1AE-818A-4616-A56B-C232AB9B4569}.Debug|Any CPU.Build.0 = Debug|Any CPU
		{E15FF1AE-818A-4616-A56B-C232AB9B4569}.Release|Any CPU.ActiveCfg = Release|Any CPU
		{E15FF1AE-818A-4616-A56B-C232AB9B4569}.Release|Any CPU.Build.0 = Release|Any CPU
		{15735BDD-1BE2-4660-8880-64EB06E20AB5}.Debug|Any CPU.ActiveCfg = Debug|Any CPU
		{15735BDD-1BE2-4660-8880-64EB06E20AB5}.Debug|Any CPU.Build.0 = Debug|Any CPU
		{15735BDD-1BE2-4660-8880-64EB06E20AB5}.Release|Any CPU.ActiveCfg = Release|Any CPU
		{15735BDD-1BE2-4660-8880-64EB06E20AB5}.Release|Any CPU.Build.0 = Release|Any CPU
		{F9D6BFAA-535A-417A-8703-2F7E063543AD}.Debug|Any CPU.ActiveCfg = Debug|Any CPU
		{F9D6BFAA-535A-417A-8703-2F7E063543AD}.Debug|Any CPU.Build.0 = Debug|Any CPU
		{F9D6BFAA-535A-417A-8703-2F7E063543AD}.Release|Any CPU.ActiveCfg = Release|Any CPU
		{F9D6BFAA-535A-417A-8703-2F7E063543AD}.Release|Any CPU.Build.0 = Release|Any CPU
		{11152644-9262-4057-ACA5-64920FBF7AF3}.Debug|Any CPU.ActiveCfg = Debug|Any CPU
		{11152644-9262-4057-ACA5-64920FBF7AF3}.Debug|Any CPU.Build.0 = Debug|Any CPU
		{11152644-9262-4057-ACA5-64920FBF7AF3}.Release|Any CPU.ActiveCfg = Release|Any CPU
		{11152644-9262-4057-ACA5-64920FBF7AF3}.Release|Any CPU.Build.0 = Release|Any CPU
		{E804B864-7A77-4656-B5B5-1AD8C15D93D7}.Debug|Any CPU.ActiveCfg = Debug|Any CPU
		{E804B864-7A77-4656-B5B5-1AD8C15D93D7}.Debug|Any CPU.Build.0 = Debug|Any CPU
		{E804B864-7A77-4656-B5B5-1AD8C15D93D7}.Release|Any CPU.ActiveCfg = Release|Any CPU
		{E804B864-7A77-4656-B5B5-1AD8C15D93D7}.Release|Any CPU.Build.0 = Release|Any CPU
		{59B09168-8098-4AE9-B588-14E9657833C8}.Debug|Any CPU.ActiveCfg = Debug|Any CPU
		{59B09168-8098-4AE9-B588-14E9657833C8}.Debug|Any CPU.Build.0 = Debug|Any CPU
		{59B09168-8098-4AE9-B588-14E9657833C8}.Release|Any CPU.ActiveCfg = Release|Any CPU
		{59B09168-8098-4AE9-B588-14E9657833C8}.Release|Any CPU.Build.0 = Release|Any CPU
		{0A38ED41-81FB-4EA0-AD8B-126FADD945C7}.Debug|Any CPU.ActiveCfg = Debug|Any CPU
		{0A38ED41-81FB-4EA0-AD8B-126FADD945C7}.Debug|Any CPU.Build.0 = Debug|Any CPU
		{0A38ED41-81FB-4EA0-AD8B-126FADD945C7}.Release|Any CPU.ActiveCfg = Release|Any CPU
		{0A38ED41-81FB-4EA0-AD8B-126FADD945C7}.Release|Any CPU.Build.0 = Release|Any CPU
		{98BC0F3C-E154-4D12-B291-D56DABEC8CBA}.Debug|Any CPU.ActiveCfg = Debug|Any CPU
		{98BC0F3C-E154-4D12-B291-D56DABEC8CBA}.Debug|Any CPU.Build.0 = Debug|Any CPU
		{98BC0F3C-E154-4D12-B291-D56DABEC8CBA}.Release|Any CPU.ActiveCfg = Release|Any CPU
		{98BC0F3C-E154-4D12-B291-D56DABEC8CBA}.Release|Any CPU.Build.0 = Release|Any CPU
		{FFBC8345-68B9-4AF2-BEDF-E574591316B5}.Debug|Any CPU.ActiveCfg = Debug|Any CPU
		{FFBC8345-68B9-4AF2-BEDF-E574591316B5}.Debug|Any CPU.Build.0 = Debug|Any CPU
		{FFBC8345-68B9-4AF2-BEDF-E574591316B5}.Release|Any CPU.ActiveCfg = Release|Any CPU
		{FFBC8345-68B9-4AF2-BEDF-E574591316B5}.Release|Any CPU.Build.0 = Release|Any CPU
		{035AB7EC-CDD0-424E-BBAA-0C3A94920322}.Debug|Any CPU.ActiveCfg = Debug|Any CPU
		{035AB7EC-CDD0-424E-BBAA-0C3A94920322}.Debug|Any CPU.Build.0 = Debug|Any CPU
		{035AB7EC-CDD0-424E-BBAA-0C3A94920322}.Release|Any CPU.ActiveCfg = Release|Any CPU
		{035AB7EC-CDD0-424E-BBAA-0C3A94920322}.Release|Any CPU.Build.0 = Release|Any CPU
		{4E049363-88A9-465F-AE48-ABE505CA1CC0}.Debug|Any CPU.ActiveCfg = Debug|Any CPU
		{4E049363-88A9-465F-AE48-ABE505CA1CC0}.Debug|Any CPU.Build.0 = Debug|Any CPU
		{4E049363-88A9-465F-AE48-ABE505CA1CC0}.Release|Any CPU.ActiveCfg = Release|Any CPU
		{4E049363-88A9-465F-AE48-ABE505CA1CC0}.Release|Any CPU.Build.0 = Release|Any CPU
		{6B6153C6-E034-4D5E-BBAA-62A269E296CB}.Debug|Any CPU.ActiveCfg = Debug|Any CPU
		{6B6153C6-E034-4D5E-BBAA-62A269E296CB}.Debug|Any CPU.Build.0 = Debug|Any CPU
		{6B6153C6-E034-4D5E-BBAA-62A269E296CB}.Release|Any CPU.ActiveCfg = Release|Any CPU
		{6B6153C6-E034-4D5E-BBAA-62A269E296CB}.Release|Any CPU.Build.0 = Release|Any CPU
		{4F0E63F1-BB73-4A51-BF16-96D12A4A9B96}.Debug|Any CPU.ActiveCfg = Debug|Any CPU
		{4F0E63F1-BB73-4A51-BF16-96D12A4A9B96}.Debug|Any CPU.Build.0 = Debug|Any CPU
		{4F0E63F1-BB73-4A51-BF16-96D12A4A9B96}.Release|Any CPU.ActiveCfg = Release|Any CPU
		{4F0E63F1-BB73-4A51-BF16-96D12A4A9B96}.Release|Any CPU.Build.0 = Release|Any CPU
		{FF66ACB8-B1C1-4E89-89DF-A15404BFBD4F}.Debug|Any CPU.ActiveCfg = Debug|Any CPU
		{FF66ACB8-B1C1-4E89-89DF-A15404BFBD4F}.Debug|Any CPU.Build.0 = Debug|Any CPU
		{FF66ACB8-B1C1-4E89-89DF-A15404BFBD4F}.Release|Any CPU.ActiveCfg = Release|Any CPU
		{FF66ACB8-B1C1-4E89-89DF-A15404BFBD4F}.Release|Any CPU.Build.0 = Release|Any CPU
		{DE720C43-C24C-42B2-8FE5-ECD38BE29B55}.Debug|Any CPU.ActiveCfg = Debug|Any CPU
		{DE720C43-C24C-42B2-8FE5-ECD38BE29B55}.Debug|Any CPU.Build.0 = Debug|Any CPU
		{DE720C43-C24C-42B2-8FE5-ECD38BE29B55}.Release|Any CPU.ActiveCfg = Release|Any CPU
		{DE720C43-C24C-42B2-8FE5-ECD38BE29B55}.Release|Any CPU.Build.0 = Release|Any CPU
		{845F7E8F-B8D2-48FE-8102-83326E2A2718}.Debug|Any CPU.ActiveCfg = Debug|Any CPU
		{845F7E8F-B8D2-48FE-8102-83326E2A2718}.Debug|Any CPU.Build.0 = Debug|Any CPU
		{845F7E8F-B8D2-48FE-8102-83326E2A2718}.Release|Any CPU.ActiveCfg = Release|Any CPU
		{845F7E8F-B8D2-48FE-8102-83326E2A2718}.Release|Any CPU.Build.0 = Release|Any CPU
		{0285E8A0-1C35-465A-ABC8-7188005839B9}.Debug|Any CPU.ActiveCfg = Debug|Any CPU
		{0285E8A0-1C35-465A-ABC8-7188005839B9}.Debug|Any CPU.Build.0 = Debug|Any CPU
		{0285E8A0-1C35-465A-ABC8-7188005839B9}.Release|Any CPU.ActiveCfg = Release|Any CPU
		{0285E8A0-1C35-465A-ABC8-7188005839B9}.Release|Any CPU.Build.0 = Release|Any CPU
		{CE6BCDDF-FBE6-4990-A829-B5563066EF0A}.Debug|Any CPU.ActiveCfg = Debug|Any CPU
		{CE6BCDDF-FBE6-4990-A829-B5563066EF0A}.Debug|Any CPU.Build.0 = Debug|Any CPU
		{CE6BCDDF-FBE6-4990-A829-B5563066EF0A}.Release|Any CPU.ActiveCfg = Release|Any CPU
		{CE6BCDDF-FBE6-4990-A829-B5563066EF0A}.Release|Any CPU.Build.0 = Release|Any CPU
		{B99B0659-D29E-4FF6-9ED9-868315F4D719}.Debug|Any CPU.ActiveCfg = Debug|Any CPU
		{B99B0659-D29E-4FF6-9ED9-868315F4D719}.Debug|Any CPU.Build.0 = Debug|Any CPU
		{B99B0659-D29E-4FF6-9ED9-868315F4D719}.Release|Any CPU.ActiveCfg = Release|Any CPU
		{B99B0659-D29E-4FF6-9ED9-868315F4D719}.Release|Any CPU.Build.0 = Release|Any CPU
		{ECF351D2-4452-4C55-AC6C-67641C139C59}.Debug|Any CPU.ActiveCfg = Debug|Any CPU
		{ECF351D2-4452-4C55-AC6C-67641C139C59}.Debug|Any CPU.Build.0 = Debug|Any CPU
		{ECF351D2-4452-4C55-AC6C-67641C139C59}.Release|Any CPU.ActiveCfg = Release|Any CPU
		{ECF351D2-4452-4C55-AC6C-67641C139C59}.Release|Any CPU.Build.0 = Release|Any CPU
		{407CB3D6-E29A-42FF-A80D-72B6AA432FE1}.Debug|Any CPU.ActiveCfg = Debug|Any CPU
		{407CB3D6-E29A-42FF-A80D-72B6AA432FE1}.Debug|Any CPU.Build.0 = Debug|Any CPU
		{407CB3D6-E29A-42FF-A80D-72B6AA432FE1}.Release|Any CPU.ActiveCfg = Release|Any CPU
		{407CB3D6-E29A-42FF-A80D-72B6AA432FE1}.Release|Any CPU.Build.0 = Release|Any CPU
		{96F5E5D1-331F-428B-B0E1-D9B66542EEBD}.Debug|Any CPU.ActiveCfg = Debug|Any CPU
		{96F5E5D1-331F-428B-B0E1-D9B66542EEBD}.Debug|Any CPU.Build.0 = Debug|Any CPU
		{96F5E5D1-331F-428B-B0E1-D9B66542EEBD}.Release|Any CPU.ActiveCfg = Release|Any CPU
		{96F5E5D1-331F-428B-B0E1-D9B66542EEBD}.Release|Any CPU.Build.0 = Release|Any CPU
		{86D4666D-1B5F-41F0-9EE0-A042E338F6F4}.Debug|Any CPU.ActiveCfg = Debug|Any CPU
		{86D4666D-1B5F-41F0-9EE0-A042E338F6F4}.Debug|Any CPU.Build.0 = Debug|Any CPU
		{86D4666D-1B5F-41F0-9EE0-A042E338F6F4}.Release|Any CPU.ActiveCfg = Release|Any CPU
		{86D4666D-1B5F-41F0-9EE0-A042E338F6F4}.Release|Any CPU.Build.0 = Release|Any CPU
		{2974F427-4FD4-4FC7-A016-513A469AA215}.Debug|Any CPU.ActiveCfg = Debug|Any CPU
		{2974F427-4FD4-4FC7-A016-513A469AA215}.Debug|Any CPU.Build.0 = Debug|Any CPU
		{2974F427-4FD4-4FC7-A016-513A469AA215}.Release|Any CPU.ActiveCfg = Release|Any CPU
		{2974F427-4FD4-4FC7-A016-513A469AA215}.Release|Any CPU.Build.0 = Release|Any CPU
		{3C803C0F-8F34-48BD-B825-E5A62D5EE61F}.Debug|Any CPU.ActiveCfg = Debug|Any CPU
		{3C803C0F-8F34-48BD-B825-E5A62D5EE61F}.Debug|Any CPU.Build.0 = Debug|Any CPU
		{3C803C0F-8F34-48BD-B825-E5A62D5EE61F}.Release|Any CPU.ActiveCfg = Release|Any CPU
		{3C803C0F-8F34-48BD-B825-E5A62D5EE61F}.Release|Any CPU.Build.0 = Release|Any CPU
		{4AEDE11D-B54C-49ED-A858-D76DE7876CC3}.Debug|Any CPU.ActiveCfg = Debug|Any CPU
		{4AEDE11D-B54C-49ED-A858-D76DE7876CC3}.Debug|Any CPU.Build.0 = Debug|Any CPU
		{4AEDE11D-B54C-49ED-A858-D76DE7876CC3}.Release|Any CPU.ActiveCfg = Release|Any CPU
		{4AEDE11D-B54C-49ED-A858-D76DE7876CC3}.Release|Any CPU.Build.0 = Release|Any CPU
		{6E384BD1-B405-47A6-9F81-5F1D1206A748}.Debug|Any CPU.ActiveCfg = Debug|Any CPU
		{6E384BD1-B405-47A6-9F81-5F1D1206A748}.Debug|Any CPU.Build.0 = Debug|Any CPU
		{6E384BD1-B405-47A6-9F81-5F1D1206A748}.Release|Any CPU.ActiveCfg = Release|Any CPU
		{6E384BD1-B405-47A6-9F81-5F1D1206A748}.Release|Any CPU.Build.0 = Release|Any CPU
		{08CD4018-1B51-4A1A-9297-DA22A7A80F25}.Debug|Any CPU.ActiveCfg = Debug|Any CPU
		{08CD4018-1B51-4A1A-9297-DA22A7A80F25}.Debug|Any CPU.Build.0 = Debug|Any CPU
		{08CD4018-1B51-4A1A-9297-DA22A7A80F25}.Release|Any CPU.ActiveCfg = Release|Any CPU
		{08CD4018-1B51-4A1A-9297-DA22A7A80F25}.Release|Any CPU.Build.0 = Release|Any CPU
		{07F47003-0A6E-4AE3-9758-C6C0B2180D78}.Debug|Any CPU.ActiveCfg = Debug|Any CPU
		{07F47003-0A6E-4AE3-9758-C6C0B2180D78}.Debug|Any CPU.Build.0 = Debug|Any CPU
		{07F47003-0A6E-4AE3-9758-C6C0B2180D78}.Release|Any CPU.ActiveCfg = Release|Any CPU
		{07F47003-0A6E-4AE3-9758-C6C0B2180D78}.Release|Any CPU.Build.0 = Release|Any CPU
		{30D55AF0-68B6-401C-8732-18D6F7EA1E01}.Debug|Any CPU.ActiveCfg = Debug|Any CPU
		{30D55AF0-68B6-401C-8732-18D6F7EA1E01}.Debug|Any CPU.Build.0 = Debug|Any CPU
		{30D55AF0-68B6-401C-8732-18D6F7EA1E01}.Release|Any CPU.ActiveCfg = Release|Any CPU
		{30D55AF0-68B6-401C-8732-18D6F7EA1E01}.Release|Any CPU.Build.0 = Release|Any CPU
		{155D2AA3-C8AC-47F5-8F5E-A80DD5EAC542}.Debug|Any CPU.ActiveCfg = Debug|Any CPU
		{155D2AA3-C8AC-47F5-8F5E-A80DD5EAC542}.Debug|Any CPU.Build.0 = Debug|Any CPU
		{155D2AA3-C8AC-47F5-8F5E-A80DD5EAC542}.Release|Any CPU.ActiveCfg = Release|Any CPU
		{155D2AA3-C8AC-47F5-8F5E-A80DD5EAC542}.Release|Any CPU.Build.0 = Release|Any CPU
		{58E32716-3775-4AAB-BC72-80884360452B}.Debug|Any CPU.ActiveCfg = Debug|Any CPU
		{58E32716-3775-4AAB-BC72-80884360452B}.Debug|Any CPU.Build.0 = Debug|Any CPU
		{58E32716-3775-4AAB-BC72-80884360452B}.Release|Any CPU.ActiveCfg = Release|Any CPU
		{58E32716-3775-4AAB-BC72-80884360452B}.Release|Any CPU.Build.0 = Release|Any CPU
		{19CC2BC1-C505-46DF-9EA9-4850AF469FB3}.Debug|Any CPU.ActiveCfg = Debug|Any CPU
		{19CC2BC1-C505-46DF-9EA9-4850AF469FB3}.Debug|Any CPU.Build.0 = Debug|Any CPU
		{19CC2BC1-C505-46DF-9EA9-4850AF469FB3}.Release|Any CPU.ActiveCfg = Release|Any CPU
		{19CC2BC1-C505-46DF-9EA9-4850AF469FB3}.Release|Any CPU.Build.0 = Release|Any CPU
		{9E33AB9E-82D7-43C2-B676-AA4561FC4EBD}.Debug|Any CPU.ActiveCfg = Debug|Any CPU
		{9E33AB9E-82D7-43C2-B676-AA4561FC4EBD}.Debug|Any CPU.Build.0 = Debug|Any CPU
		{9E33AB9E-82D7-43C2-B676-AA4561FC4EBD}.Release|Any CPU.ActiveCfg = Release|Any CPU
		{9E33AB9E-82D7-43C2-B676-AA4561FC4EBD}.Release|Any CPU.Build.0 = Release|Any CPU
		{FF790995-BA95-4AD9-B590-230E5EDF3250}.Debug|Any CPU.ActiveCfg = Debug|Any CPU
		{FF790995-BA95-4AD9-B590-230E5EDF3250}.Debug|Any CPU.Build.0 = Debug|Any CPU
		{FF790995-BA95-4AD9-B590-230E5EDF3250}.Release|Any CPU.ActiveCfg = Release|Any CPU
		{FF790995-BA95-4AD9-B590-230E5EDF3250}.Release|Any CPU.Build.0 = Release|Any CPU
		{4D6AD0DF-4E92-464D-9B29-EE872D7D8F70}.Debug|Any CPU.ActiveCfg = Debug|Any CPU
		{4D6AD0DF-4E92-464D-9B29-EE872D7D8F70}.Debug|Any CPU.Build.0 = Debug|Any CPU
		{4D6AD0DF-4E92-464D-9B29-EE872D7D8F70}.Release|Any CPU.ActiveCfg = Release|Any CPU
		{4D6AD0DF-4E92-464D-9B29-EE872D7D8F70}.Release|Any CPU.Build.0 = Release|Any CPU
	EndGlobalSection
	GlobalSection(SolutionProperties) = preSolution
		HideSolutionNode = FALSE
	EndGlobalSection
	GlobalSection(NestedProjects) = preSolution
		{6D3C8243-7F16-4A5D-B823-3D8D61E03979} = {872E10F1-0208-4CD3-90F5-3CCC21E82ED7}
		{74686CCF-AB6B-43F0-ACAF-F9310427207A} = {872E10F1-0208-4CD3-90F5-3CCC21E82ED7}
		{82C700E5-D693-4EA7-B57D-51B864E82AA8} = {872E10F1-0208-4CD3-90F5-3CCC21E82ED7}
		{E15FF1AE-818A-4616-A56B-C232AB9B4569} = {DC96B3FD-4B9E-4A92-BC99-608BD31E492C}
		{15735BDD-1BE2-4660-8880-64EB06E20AB5} = {DC96B3FD-4B9E-4A92-BC99-608BD31E492C}
		{F9D6BFAA-535A-417A-8703-2F7E063543AD} = {9557129A-4345-40AC-AF9D-C2A08C24A2D0}
		{11152644-9262-4057-ACA5-64920FBF7AF3} = {9557129A-4345-40AC-AF9D-C2A08C24A2D0}
		{E804B864-7A77-4656-B5B5-1AD8C15D93D7} = {9557129A-4345-40AC-AF9D-C2A08C24A2D0}
		{59B09168-8098-4AE9-B588-14E9657833C8} = {9557129A-4345-40AC-AF9D-C2A08C24A2D0}
		{0A38ED41-81FB-4EA0-AD8B-126FADD945C7} = {9557129A-4345-40AC-AF9D-C2A08C24A2D0}
		{98BC0F3C-E154-4D12-B291-D56DABEC8CBA} = {B50FC9D2-9F9D-4227-AE32-C85DBF047772}
		{FFBC8345-68B9-4AF2-BEDF-E574591316B5} = {B50FC9D2-9F9D-4227-AE32-C85DBF047772}
		{035AB7EC-CDD0-424E-BBAA-0C3A94920322} = {B50FC9D2-9F9D-4227-AE32-C85DBF047772}
		{4E049363-88A9-465F-AE48-ABE505CA1CC0} = {B50FC9D2-9F9D-4227-AE32-C85DBF047772}
		{6B6153C6-E034-4D5E-BBAA-62A269E296CB} = {B50FC9D2-9F9D-4227-AE32-C85DBF047772}
		{4F0E63F1-BB73-4A51-BF16-96D12A4A9B96} = {E0CD140A-5A82-4993-AD15-9332CAF81127}
		{FF66ACB8-B1C1-4E89-89DF-A15404BFBD4F} = {E0CD140A-5A82-4993-AD15-9332CAF81127}
		{DE720C43-C24C-42B2-8FE5-ECD38BE29B55} = {B9A3DD26-9BD2-4333-9B08-74D0ACD17405}
		{845F7E8F-B8D2-48FE-8102-83326E2A2718} = {B9A3DD26-9BD2-4333-9B08-74D0ACD17405}
		{0285E8A0-1C35-465A-ABC8-7188005839B9} = {B9A3DD26-9BD2-4333-9B08-74D0ACD17405}
		{CE6BCDDF-FBE6-4990-A829-B5563066EF0A} = {B9A3DD26-9BD2-4333-9B08-74D0ACD17405}
		{B99B0659-D29E-4FF6-9ED9-868315F4D719} = {880CCEFE-92F5-4118-94F2-AEAAF25572E8}
		{ECF351D2-4452-4C55-AC6C-67641C139C59} = {880CCEFE-92F5-4118-94F2-AEAAF25572E8}
		{407CB3D6-E29A-42FF-A80D-72B6AA432FE1} = {880CCEFE-92F5-4118-94F2-AEAAF25572E8}
		{2974F427-4FD4-4FC7-A016-513A469AA215} = {872E10F1-0208-4CD3-90F5-3CCC21E82ED7}
		{3C803C0F-8F34-48BD-B825-E5A62D5EE61F} = {9557129A-4345-40AC-AF9D-C2A08C24A2D0}
		{4AEDE11D-B54C-49ED-A858-D76DE7876CC3} = {B50FC9D2-9F9D-4227-AE32-C85DBF047772}
		{86D4666D-1B5F-41F0-9EE0-A042E338F6F4} = {DC96B3FD-4B9E-4A92-BC99-608BD31E492C}
		{6E384BD1-B405-47A6-9F81-5F1D1206A748} = {B9A3DD26-9BD2-4333-9B08-74D0ACD17405}
		{08CD4018-1B51-4A1A-9297-DA22A7A80F25} = {E0CD140A-5A82-4993-AD15-9332CAF81127}
		{155D2AA3-C8AC-47F5-8F5E-A80DD5EAC542} = {872E10F1-0208-4CD3-90F5-3CCC21E82ED7}
		{58E32716-3775-4AAB-BC72-80884360452B} = {E0CD140A-5A82-4993-AD15-9332CAF81127}
		{19CC2BC1-C505-46DF-9EA9-4850AF469FB3} = {E0CD140A-5A82-4993-AD15-9332CAF81127}
		{FF790995-BA95-4AD9-B590-230E5EDF3250} = {880CCEFE-92F5-4118-94F2-AEAAF25572E8}
		{9E33AB9E-82D7-43C2-B676-AA4561FC4EBD} = {880CCEFE-92F5-4118-94F2-AEAAF25572E8}
		{4D6AD0DF-4E92-464D-9B29-EE872D7D8F70} = {880CCEFE-92F5-4118-94F2-AEAAF25572E8}
	EndGlobalSection
	GlobalSection(ExtensibilityGlobals) = postSolution
		SolutionGuid = {0844AC86-CBC8-4D8E-BCB1-294FDBBF66C0}
	EndGlobalSection
EndGlobal
